{
    "compile": {
        "com.fasterxml.jackson.module:jackson-module-kotlin": {
            "locked": "2.8.7",
            "requested": "2.8.+"
        },
        "org.jetbrains.kotlin:kotlin-reflect": {
            "locked": "1.1.0"
        },
        "org.jetbrains.kotlin:kotlin-stdlib-jre8": {
            "locked": "1.1.0",
            "requested": "1.1.0"
        },
        "org.jetbrains.kotlinx:kotlinx-coroutines-core": {
            "locked": "0.12",
            "requested": "0.12"
        },
        "org.jetbrains.kotlinx:kotlinx-coroutines-jdk8": {
            "locked": "0.12",
            "requested": "0.12"
        },
        "org.slf4j:slf4j-api": {
            "locked": "1.7.24",
            "requested": "1.+"
        }
    },
    "compileClasspath": {
        "com.fasterxml.jackson.module:jackson-module-kotlin": {
            "locked": "2.8.7",
            "requested": "2.8.+"
        },
        "org.jetbrains.kotlin:kotlin-reflect": {
            "locked": "1.1.0"
        },
        "org.jetbrains.kotlin:kotlin-stdlib-jre8": {
            "locked": "1.1.0",
            "requested": "1.1.0"
        },
        "org.jetbrains.kotlinx:kotlinx-coroutines-core": {
            "locked": "0.12",
            "requested": "0.12"
        },
        "org.jetbrains.kotlinx:kotlinx-coroutines-jdk8": {
            "locked": "0.12",
            "requested": "0.12"
        },
        "org.slf4j:slf4j-api": {
            "locked": "1.7.24",
            "requested": "1.+"
        }
    },
    "compileOnly": {
        "com.fasterxml.jackson.module:jackson-module-kotlin": {
            "locked": "2.8.7",
            "requested": "2.8.+"
        },
        "org.jetbrains.kotlin:kotlin-reflect": {
            "locked": "1.1.0"
        },
        "org.jetbrains.kotlin:kotlin-stdlib-jre8": {
            "locked": "1.1.0",
            "requested": "1.1.0"
        },
        "org.jetbrains.kotlinx:kotlinx-coroutines-core": {
            "locked": "0.12",
            "requested": "0.12"
        },
        "org.jetbrains.kotlinx:kotlinx-coroutines-jdk8": {
            "locked": "0.12",
            "requested": "0.12"
        },
        "org.slf4j:slf4j-api": {
            "locked": "1.7.24",
            "requested": "1.+"
        }
    },
    "default": {
        "ch.qos.logback:logback-classic": {
            "locked": "1.2.1",
            "requested": "1.+"
        },
        "com.fasterxml.jackson.module:jackson-module-kotlin": {
            "locked": "2.8.7",
            "requested": "2.8.+"
        },
        "org.jetbrains.kotlin:kotlin-reflect": {
            "locked": "1.1.0"
        },
        "org.jetbrains.kotlin:kotlin-stdlib-jre8": {
            "locked": "1.1.0",
            "requested": "1.1.0"
        },
        "org.jetbrains.kotlinx:kotlinx-coroutines-core": {
            "locked": "0.12",
            "requested": "0.12"
        },
        "org.jetbrains.kotlinx:kotlinx-coroutines-jdk8": {
            "locked": "0.12",
            "requested": "0.12"
        },
        "org.slf4j:slf4j-api": {
            "locked": "1.7.24",
            "requested": "1.+"
        }
    },
    "kapt": {
        "org.jetbrains.kotlin:kotlin-annotation-processing": {
            "locked": "1.1.0",
            "requested": "1.1.0"
        }
    },
    "kaptTest": {
        "org.jetbrains.kotlin:kotlin-annotation-processing": {
            "locked": "1.1.0",
            "requested": "1.1.0"
        }
    },
    "resolutionRules": {
        "com.netflix.nebula:gradle-resolution-rules": {
            "locked": "0.41.0",
            "requested": "0.41.0"
        }
    },
    "runtime": {
        "ch.qos.logback:logback-classic": {
            "locked": "1.2.1",
            "requested": "1.+"
        },
        "com.fasterxml.jackson.module:jackson-module-kotlin": {
            "locked": "2.8.7",
            "requested": "2.8.+"
        },
        "org.jetbrains.kotlin:kotlin-reflect": {
            "locked": "1.1.0"
        },
        "org.jetbrains.kotlin:kotlin-stdlib-jre8": {
            "locked": "1.1.0",
            "requested": "1.1.0"
        },
        "org.jetbrains.kotlinx:kotlinx-coroutines-core": {
            "locked": "0.12",
            "requested": "0.12"
        },
        "org.jetbrains.kotlinx:kotlinx-coroutines-jdk8": {
            "locked": "0.12",
            "requested": "0.12"
        },
        "org.slf4j:slf4j-api": {
            "locked": "1.7.24",
            "requested": "1.+"
        }
    },
    "testCompile": {
        "com.fasterxml.jackson.module:jackson-module-kotlin": {
            "locked": "2.8.7",
            "requested": "2.8.+"
        },
        "junit:junit": {
            "locked": "4.12",
            "requested": "4.+"
        },
        "org.jetbrains.kotlin:kotlin-reflect": {
            "locked": "1.1.0"
        },
        "org.jetbrains.kotlin:kotlin-stdlib-jre8": {
            "locked": "1.1.0",
            "requested": "1.1.0"
        },
        "org.jetbrains.kotlin:kotlin-test": {
            "locked": "1.1.0"
        },
        "org.jetbrains.kotlin:kotlin-test-junit": {
            "locked": "1.1.0"
        },
        "org.jetbrains.kotlinx:kotlinx-coroutines-core": {
            "locked": "0.12",
            "requested": "0.12"
        },
        "org.jetbrains.kotlinx:kotlinx-coroutines-jdk8": {
            "locked": "0.12",
            "requested": "0.12"
        },
        "org.slf4j:slf4j-api": {
            "locked": "1.7.24",
            "requested": "1.+"
        }
    },
    "testCompileClasspath": {
        "com.fasterxml.jackson.module:jackson-module-kotlin": {
            "locked": "2.8.7",
            "requested": "2.8.+"
        },
        "junit:junit": {
            "locked": "4.12",
            "requested": "4.+"
        },
        "org.jetbrains.kotlin:kotlin-reflect": {
            "locked": "1.1.0"
        },
        "org.jetbrains.kotlin:kotlin-stdlib-jre8": {
            "locked": "1.1.0",
            "requested": "1.1.0"
        },
        "org.jetbrains.kotlin:kotlin-test": {
            "locked": "1.1.0"
        },
        "org.jetbrains.kotlin:kotlin-test-junit": {
            "locked": "1.1.0"
        },
        "org.jetbrains.kotlinx:kotlinx-coroutines-core": {
            "locked": "0.12",
            "requested": "0.12"
        },
        "org.jetbrains.kotlinx:kotlinx-coroutines-jdk8": {
            "locked": "0.12",
            "requested": "0.12"
        },
        "org.slf4j:slf4j-api": {
            "locked": "1.7.24",
            "requested": "1.+"
        }
    },
    "testCompileOnly": {
        "com.fasterxml.jackson.module:jackson-module-kotlin": {
            "locked": "2.8.7",
            "requested": "2.8.+"
        },
        "junit:junit": {
            "locked": "4.12",
            "requested": "4.+"
        },
        "org.jetbrains.kotlin:kotlin-reflect": {
            "locked": "1.1.0"
        },
        "org.jetbrains.kotlin:kotlin-stdlib-jre8": {
            "locked": "1.1.0",
            "requested": "1.1.0"
        },
        "org.jetbrains.kotlin:kotlin-test": {
            "locked": "1.1.0"
        },
        "org.jetbrains.kotlin:kotlin-test-junit": {
            "locked": "1.1.0"
        },
        "org.jetbrains.kotlinx:kotlinx-coroutines-core": {
            "locked": "0.12",
            "requested": "0.12"
        },
        "org.jetbrains.kotlinx:kotlinx-coroutines-jdk8": {
            "locked": "0.12",
            "requested": "0.12"
        },
        "org.slf4j:slf4j-api": {
            "locked": "1.7.24",
            "requested": "1.+"
        }
    },
    "testRuntime": {
        "ch.qos.logback:logback-classic": {
            "locked": "1.2.1",
            "requested": "1.+"
        },
        "com.fasterxml.jackson.module:jackson-module-kotlin": {
            "locked": "2.8.7",
            "requested": "2.8.+"
        },
        "junit:junit": {
            "locked": "4.12",
            "requested": "4.+"
        },
        "org.jetbrains.kotlin:kotlin-reflect": {
            "locked": "1.1.0"
        },
        "org.jetbrains.kotlin:kotlin-stdlib-jre8": {
            "locked": "1.1.0",
            "requested": "1.1.0"
        },
        "org.jetbrains.kotlin:kotlin-test": {
            "locked": "1.1.0"
        },
        "org.jetbrains.kotlin:kotlin-test-junit": {
            "locked": "1.1.0"
        },
        "org.jetbrains.kotlinx:kotlinx-coroutines-core": {
            "locked": "0.12",
            "requested": "0.12"
        },
        "org.jetbrains.kotlinx:kotlinx-coroutines-jdk8": {
            "locked": "0.12",
            "requested": "0.12"
        },
        "org.slf4j:slf4j-api": {
            "locked": "1.7.24",
            "requested": "1.+"
        }
    }
}