{
    "compile": {
        "org.jetbrains.kotlin:kotlin-reflect": {
            "locked": "1.1.0-rc-91"
        },
        "org.jetbrains.kotlin:kotlin-stdlib-jre8": {
            "locked": "1.1.0-beta-38",
            "requested": "1.1.0-rc-91"
        },
        "org.slf4j:slf4j-api": {
            "locked": "1.7.23",
            "requested": "1.+"
        }
    },
    "compileClasspath": {
        "org.jetbrains.kotlin:kotlin-reflect": {
            "locked": "1.1.0-rc-91"
        },
        "org.jetbrains.kotlin:kotlin-stdlib-jre8": {
            "locked": "1.1.0-beta-38",
            "requested": "1.1.0-rc-91"
        },
        "org.slf4j:slf4j-api": {
            "locked": "1.7.23",
            "requested": "1.+"
        }
    },
    "compileOnly": {
        "org.jetbrains.kotlin:kotlin-reflect": {
            "locked": "1.1.0-rc-91"
        },
        "org.jetbrains.kotlin:kotlin-stdlib-jre8": {
            "locked": "1.1.0-beta-38",
            "requested": "1.1.0-rc-91"
        },
        "org.slf4j:slf4j-api": {
            "locked": "1.7.23",
            "requested": "1.+"
        }
    },
    "default": {
        "ch.qos.logback:logback-classic": {
            "locked": "1.2.1",
            "requested": "1.+"
        },
        "org.jetbrains.kotlin:kotlin-reflect": {
            "locked": "1.1.0-rc-91"
        },
        "org.jetbrains.kotlin:kotlin-stdlib-jre8": {
            "locked": "1.1.0-beta-38",
            "requested": "1.1.0-rc-91"
        },
        "org.slf4j:slf4j-api": {
            "locked": "1.7.23",
            "requested": "1.+"
        }
    },
    "kapt": {
        "org.jetbrains.kotlin:kotlin-annotation-processing": {
            "locked": "1.1.0-beta-38",
            "requested": "1.1.0-rc-91"
        }
    },
    "kaptTest": {
        "org.jetbrains.kotlin:kotlin-annotation-processing": {
            "locked": "1.1.0-beta-38",
            "requested": "1.1.0-rc-91"
        }
    },
    "resolutionRules": {
        "com.netflix.nebula:gradle-resolution-rules": {
            "locked": "0.41.0",
            "requested": "0.41.0"
        }
    },
    "runtime": {
        "ch.qos.logback:logback-classic": {
            "locked": "1.2.1",
            "requested": "1.+"
        },
        "org.jetbrains.kotlin:kotlin-reflect": {
            "locked": "1.1.0-rc-91"
        },
        "org.jetbrains.kotlin:kotlin-stdlib-jre8": {
            "locked": "1.1.0-beta-38",
            "requested": "1.1.0-rc-91"
        },
        "org.slf4j:slf4j-api": {
            "locked": "1.7.23",
            "requested": "1.+"
        }
    },
    "testCompile": {
        "junit:junit": {
            "locked": "4.12",
            "requested": "4.+"
        },
        "org.jetbrains.kotlin:kotlin-reflect": {
            "locked": "1.1.0-rc-91"
        },
        "org.jetbrains.kotlin:kotlin-stdlib-jre8": {
            "locked": "1.1.0-beta-38",
            "requested": "1.1.0-rc-91"
        },
        "org.jetbrains.kotlin:kotlin-test": {
            "locked": "1.1.0-beta-38"
        },
        "org.slf4j:slf4j-api": {
            "locked": "1.7.23",
            "requested": "1.+"
        }
    },
    "testCompileClasspath": {
        "junit:junit": {
            "locked": "4.12",
            "requested": "4.+"
        },
        "org.jetbrains.kotlin:kotlin-reflect": {
            "locked": "1.1.0-rc-91"
        },
        "org.jetbrains.kotlin:kotlin-stdlib-jre8": {
            "locked": "1.1.0-beta-38",
            "requested": "1.1.0-rc-91"
        },
        "org.jetbrains.kotlin:kotlin-test": {
            "locked": "1.1.0-beta-38"
        },
        "org.slf4j:slf4j-api": {
            "locked": "1.7.23",
            "requested": "1.+"
        }
    },
    "testCompileOnly": {
        "junit:junit": {
            "locked": "4.12",
            "requested": "4.+"
        },
        "org.jetbrains.kotlin:kotlin-reflect": {
            "locked": "1.1.0-rc-91"
        },
        "org.jetbrains.kotlin:kotlin-stdlib-jre8": {
            "locked": "1.1.0-beta-38",
            "requested": "1.1.0-rc-91"
        },
        "org.jetbrains.kotlin:kotlin-test": {
            "locked": "1.1.0-beta-38"
        },
        "org.slf4j:slf4j-api": {
            "locked": "1.7.23",
            "requested": "1.+"
        }
    },
    "testRuntime": {
        "ch.qos.logback:logback-classic": {
            "locked": "1.2.1",
            "requested": "1.+"
        },
        "junit:junit": {
            "locked": "4.12",
            "requested": "4.+"
        },
        "org.jetbrains.kotlin:kotlin-reflect": {
            "locked": "1.1.0-rc-91"
        },
        "org.jetbrains.kotlin:kotlin-stdlib-jre8": {
            "locked": "1.1.0-beta-38",
            "requested": "1.1.0-rc-91"
        },
        "org.jetbrains.kotlin:kotlin-test": {
            "locked": "1.1.0-beta-38"
        },
        "org.slf4j:slf4j-api": {
            "locked": "1.7.23",
            "requested": "1.+"
        }
    }
}